
Microsoft Visual Studio Solution File, Format Version 12.00
# Visual Studio Version 17
VisualStudioVersion = 17.2.32630.192
MinimumVisualStudioVersion = 10.0.40219.1
Project("{9A19103F-16F7-4668-BE54-9A1E7A4F7556}") = "WebAPI", "WebAPI\WebAPI.csproj", "{F0ABFE2A-5A44-4D6E-9637-772851D741F6}"
EndProject
Project("{FAE04EC0-301F-11D3-BF4B-00C04F79EFBC}") = "ApiDemoUnitTests", "ApiDemoUnitTests\ApiDemoUnitTests.csproj", "{45FB8B7F-8CA1-48E3-8E12-17D0B57DEA44}"
EndProject
Global
	GlobalSection(SolutionConfigurationPlatforms) = preSolution
		Debug|Any CPU = Debug|Any CPU
		Release|Any CPU = Release|Any CPU
	EndGlobalSection
	GlobalSection(ProjectConfigurationPlatforms) = postSolution
		{F0ABFE2A-5A44-4D6E-9637-772851D741F6}.Debug|Any CPU.ActiveCfg = Debug|Any CPU
		{F0ABFE2A-5A44-4D6E-9637-772851D741F6}.Debug|Any CPU.Build.0 = Debug|Any CPU
		{F0ABFE2A-5A44-4D6E-9637-772851D741F6}.Release|Any CPU.ActiveCfg = Release|Any CPU
		{F0ABFE2A-5A44-4D6E-9637-772851D741F6}.Release|Any CPU.Build.0 = Release|Any CPU
		{45FB8B7F-8CA1-48E3-8E12-17D0B57DEA44}.Debug|Any CPU.ActiveCfg = Debug|Any CPU
		{45FB8B7F-8CA1-48E3-8E12-17D0B57DEA44}.Debug|Any CPU.Build.0 = Debug|Any CPU
		{45FB8B7F-8CA1-48E3-8E12-17D0B57DEA44}.Release|Any CPU.ActiveCfg = Release|Any CPU
		{45FB8B7F-8CA1-48E3-8E12-17D0B57DEA44}.Release|Any CPU.Build.0 = Release|Any CPU
	EndGlobalSection
	GlobalSection(SolutionProperties) = preSolution
		HideSolutionNode = FALSE
	EndGlobalSection
	GlobalSection(ExtensibilityGlobals) = postSolution
		SolutionGuid = {24B90D7E-AA2C-4151-99B0-980E15CA4A80}
	EndGlobalSection
EndGlobal
